
Microsoft Visual Studio Solution File, Format Version 12.00
# Visual Studio Version 17
VisualStudioVersion = 17.3.32819.101
MinimumVisualStudioVersion = 10.0.40219.1
Project("{9A19103F-16F7-4668-BE54-9A1E7A4F7556}") = "ChuckSwapi.Api", "ChuckSwapi.Api.csproj", "{7A073C44-932E-413F-80D9-C109DA62C8E8}"
EndProject
Project("{2150E333-8FDC-42A3-9474-1A3956D46DE8}") = "Test", "Test", "{C6467AD3-689F-4D10-BF17-D78E989645DD}"
EndProject
Global
	GlobalSection(SolutionConfigurationPlatforms) = preSolution
		Debug|Any CPU = Debug|Any CPU
		Release|Any CPU = Release|Any CPU
	EndGlobalSection
	GlobalSection(ProjectConfigurationPlatforms) = postSolution
		{7A073C44-932E-413F-80D9-C109DA62C8E8}.Debug|Any CPU.ActiveCfg = Debug|Any CPU
		{7A073C44-932E-413F-80D9-C109DA62C8E8}.Debug|Any CPU.Build.0 = Debug|Any CPU
		{7A073C44-932E-413F-80D9-C109DA62C8E8}.Release|Any CPU.ActiveCfg = Release|Any CPU
		{7A073C44-932E-413F-80D9-C109DA62C8E8}.Release|Any CPU.Build.0 = Release|Any CPU
	EndGlobalSection
	GlobalSection(SolutionProperties) = preSolution
		HideSolutionNode = FALSE
	EndGlobalSection
	GlobalSection(ExtensibilityGlobals) = postSolution
		SolutionGuid = {ACFB1BE4-C54E-4750-952E-4C95883E7A53}
	EndGlobalSection
EndGlobal
